
Microsoft Visual Studio Solution File, Format Version 12.00
# Visual Studio 2013
VisualStudioVersion = 12.0.21005.1
MinimumVisualStudioVersion = 10.0.40219.1
Project("{FAE04EC0-301F-11D3-BF4B-00C04F79EFBC}") = "MyThreadLock", "MyThreadLock\MyThreadLock.csproj", "{0761F4EE-62BF-4D8D-BA3D-EB89C41B3CC2}"
EndProject
Global
	GlobalSection(SolutionConfigurationPlatforms) = preSolution
		Debug|Any CPU = Debug|Any CPU
		Release|Any CPU = Release|Any CPU
	EndGlobalSection
	GlobalSection(ProjectConfigurationPlatforms) = postSolution
		{0761F4EE-62BF-4D8D-BA3D-EB89C41B3CC2}.Debug|Any CPU.ActiveCfg = Debug|Any CPU
		{0761F4EE-62BF-4D8D-BA3D-EB89C41B3CC2}.Debug|Any CPU.Build.0 = Debug|Any CPU
		{0761F4EE-62BF-4D8D-BA3D-EB89C41B3CC2}.Release|Any CPU.ActiveCfg = Release|Any CPU
		{0761F4EE-62BF-4D8D-BA3D-EB89C41B3CC2}.Release|Any CPU.Build.0 = Release|Any CPU
	EndGlobalSection
	GlobalSection(SolutionProperties) = preSolution
		HideSolutionNode = FALSE
	EndGlobalSection
EndGlobal
